
Microsoft Visual Studio Solution File, Format Version 12.00
# Visual Studio Version 17
VisualStudioVersion = 17.4.33205.214
MinimumVisualStudioVersion = 10.0.40219.1
Project("{8BC9CEB8-8B4A-11D0-8D11-00A0C91BC942}") = "你帮我助", "你帮我助.vcxproj", "{FC361436-F550-4338-98D1-3C7661984542}"
EndProject
Global
	GlobalSection(SolutionConfigurationPlatforms) = preSolution
		Debug|x64 = Debug|x64
		Debug|x86 = Debug|x86
		Release|x64 = Release|x64
		Release|x86 = Release|x86
	EndGlobalSection
	GlobalSection(ProjectConfigurationPlatforms) = postSolution
		{FC361436-F550-4338-98D1-3C7661984542}.Debug|x64.ActiveCfg = Debug|x64
		{FC361436-F550-4338-98D1-3C7661984542}.Debug|x64.Build.0 = Debug|x64
		{FC361436-F550-4338-98D1-3C7661984542}.Debug|x86.ActiveCfg = Debug|Win32
		{FC361436-F550-4338-98D1-3C7661984542}.Debug|x86.Build.0 = Debug|Win32
		{FC361436-F550-4338-98D1-3C7661984542}.Release|x64.ActiveCfg = Release|x64
		{FC361436-F550-4338-98D1-3C7661984542}.Release|x64.Build.0 = Release|x64
		{FC361436-F550-4338-98D1-3C7661984542}.Release|x86.ActiveCfg = Release|Win32
		{FC361436-F550-4338-98D1-3C7661984542}.Release|x86.Build.0 = Release|Win32
	EndGlobalSection
	GlobalSection(SolutionProperties) = preSolution
		HideSolutionNode = FALSE
	EndGlobalSection
	GlobalSection(ExtensibilityGlobals) = postSolution
		SolutionGuid = {F5064F62-46FC-45BF-A490-665067F40C6A}
	EndGlobalSection
EndGlobal
